
Microsoft Visual Studio Solution File, Format Version 12.00
# Visual Studio Version 16
VisualStudioVersion = 16.0.31702.278
MinimumVisualStudioVersion = 10.0.40219.1
Project("{8BC9CEB8-8B4A-11D0-8D11-00A0C91BC942}") = "HW2", "HW2.vcxproj", "{5613D880-6814-46F9-A8F1-0FAE10C08E5B}"
EndProject
Global
	GlobalSection(SolutionConfigurationPlatforms) = preSolution
		Debug|x64 = Debug|x64
		Debug|x86 = Debug|x86
		Release|x64 = Release|x64
		Release|x86 = Release|x86
	EndGlobalSection
	GlobalSection(ProjectConfigurationPlatforms) = postSolution
		{5613D880-6814-46F9-A8F1-0FAE10C08E5B}.Debug|x64.ActiveCfg = Debug|x64
		{5613D880-6814-46F9-A8F1-0FAE10C08E5B}.Debug|x64.Build.0 = Debug|x64
		{5613D880-6814-46F9-A8F1-0FAE10C08E5B}.Debug|x86.ActiveCfg = Debug|Win32
		{5613D880-6814-46F9-A8F1-0FAE10C08E5B}.Debug|x86.Build.0 = Debug|Win32
		{5613D880-6814-46F9-A8F1-0FAE10C08E5B}.Release|x64.ActiveCfg = Release|x64
		{5613D880-6814-46F9-A8F1-0FAE10C08E5B}.Release|x64.Build.0 = Release|x64
		{5613D880-6814-46F9-A8F1-0FAE10C08E5B}.Release|x86.ActiveCfg = Release|Win32
		{5613D880-6814-46F9-A8F1-0FAE10C08E5B}.Release|x86.Build.0 = Release|Win32
	EndGlobalSection
	GlobalSection(SolutionProperties) = preSolution
		HideSolutionNode = FALSE
	EndGlobalSection
	GlobalSection(ExtensibilityGlobals) = postSolution
		SolutionGuid = {1E5444E0-6695-4FA8-9C32-10637EF070C4}
	EndGlobalSection
EndGlobal
